# THIS IS AN AUTOGENERATED FILE. DO NOT EDIT THIS FILE DIRECTLY.
# yarn lockfile v1


nan@^2.10.0:
  version "2.12.1"
  resolved "https://registry.yarnpkg.com/nan/-/nan-2.12.1.tgz#7b1aa193e9aa86057e3c7bbd0ac448e770925552"
  integrity sha512-JY7V6lRkStKcKTvHO5NVSQRv+RV+FIL5pvDoLiAtSL9pKlC5x9PKQcZDsq7m4FO4d57mkhC6Z+QhAh3Jdk5JFw==

oniguruma@^7.0.0:
  version "7.0.2"
  resolved "https://registry.yarnpkg.com/oniguruma/-/oniguruma-7.0.2.tgz#a5c922cf7066da1dbcc60f6385a90437a83f8d0b"
  integrity sha512-zCsdNxTrrB4yVPMxhcIODGv1p4NVBu9WvsWnIGhMpu5djO4MQWXrC7YKjtza+OyoRqqgy27CqYWa1h5e2DDbig==
  dependencies:
    nan "^2.10.0"

vscode-textmate@^4.0.1:
  version "4.0.1"
  resolved "https://registry.yarnpkg.com/vscode-textmate/-/vscode-textmate-4.0.1.tgz#6c36f28e9059ce12bc34907f7a33ea43166b26a8"
  integrity sha512-gHTXTj04TUgbjB8y7pkVwxOiuCuD6aU5gnFzIByQuqdgFpe/bJaaEIS4geGjbjWbd1XJh6zG1EthLfpNaXEqUw==
  dependencies:
    oniguruma "^7.0.0"
